
Microsoft Visual Studio Solution File, Format Version 12.00
# Visual Studio Version 16
VisualStudioVersion = 16.0.31025.194
MinimumVisualStudioVersion = 10.0.40219.1
Project("{FAE04EC0-301F-11D3-BF4B-00C04F79EFBC}") = "MobileApp.Android", "MobileApp\MobileApp.Android\MobileApp.Android.csproj", "{F12AF83B-2EF6-4B6F-B50F-DE44E8673370}"
EndProject
Project("{FAE04EC0-301F-11D3-BF4B-00C04F79EFBC}") = "MobileApp", "MobileApp\MobileApp\MobileApp.csproj", "{7DE1EB32-E734-4BDD-8AA9-BFA5399D7B32}"
EndProject
Global
	GlobalSection(SolutionConfigurationPlatforms) = preSolution
		Debug|Any CPU = Debug|Any CPU
		Release|Any CPU = Release|Any CPU
	EndGlobalSection
	GlobalSection(ProjectConfigurationPlatforms) = postSolution
		{F12AF83B-2EF6-4B6F-B50F-DE44E8673370}.Debug|Any CPU.ActiveCfg = Debug|Any CPU
		{F12AF83B-2EF6-4B6F-B50F-DE44E8673370}.Debug|Any CPU.Build.0 = Debug|Any CPU
		{F12AF83B-2EF6-4B6F-B50F-DE44E8673370}.Debug|Any CPU.Deploy.0 = Debug|Any CPU
		{F12AF83B-2EF6-4B6F-B50F-DE44E8673370}.Release|Any CPU.ActiveCfg = Release|Any CPU
		{F12AF83B-2EF6-4B6F-B50F-DE44E8673370}.Release|Any CPU.Build.0 = Release|Any CPU
		{F12AF83B-2EF6-4B6F-B50F-DE44E8673370}.Release|Any CPU.Deploy.0 = Release|Any CPU
		{7DE1EB32-E734-4BDD-8AA9-BFA5399D7B32}.Debug|Any CPU.ActiveCfg = Debug|Any CPU
		{7DE1EB32-E734-4BDD-8AA9-BFA5399D7B32}.Debug|Any CPU.Build.0 = Debug|Any CPU
		{7DE1EB32-E734-4BDD-8AA9-BFA5399D7B32}.Debug|Any CPU.Deploy.0 = Debug|Any CPU
		{7DE1EB32-E734-4BDD-8AA9-BFA5399D7B32}.Release|Any CPU.ActiveCfg = Release|Any CPU
		{7DE1EB32-E734-4BDD-8AA9-BFA5399D7B32}.Release|Any CPU.Build.0 = Release|Any CPU
		{7DE1EB32-E734-4BDD-8AA9-BFA5399D7B32}.Release|Any CPU.Deploy.0 = Release|Any CPU
	EndGlobalSection
	GlobalSection(SolutionProperties) = preSolution
		HideSolutionNode = FALSE
	EndGlobalSection
	GlobalSection(ExtensibilityGlobals) = postSolution
		SolutionGuid = {F1429985-30FD-4FCB-9B47-2C66E899C56F}
	EndGlobalSection
EndGlobal
