
Microsoft Visual Studio Solution File, Format Version 12.00
# Visual Studio Version 16
VisualStudioVersion = 16.0.31025.194
MinimumVisualStudioVersion = 10.0.40219.1
Project("{9A19103F-16F7-4668-BE54-9A1E7A4F7556}") = "ServerApplication", "ServerApplication\ServerApplication.csproj", "{FF6B4DE4-018E-4696-81E8-8EFC6BB9B286}"
EndProject
Project("{9A19103F-16F7-4668-BE54-9A1E7A4F7556}") = "ServerML.Model", "ServerML.Model\ServerML.Model.csproj", "{D3554748-4FDC-4F7F-8B8A-8CE7FFD231AE}"
EndProject
Project("{9A19103F-16F7-4668-BE54-9A1E7A4F7556}") = "ServerML.ConsoleApp", "ServerML.ConsoleApp\ServerML.ConsoleApp.csproj", "{C8A90F5F-2C30-4060-B217-28DAC8731341}"
EndProject
Global
	GlobalSection(SolutionConfigurationPlatforms) = preSolution
		Debug|Any CPU = Debug|Any CPU
		Release|Any CPU = Release|Any CPU
	EndGlobalSection
	GlobalSection(ProjectConfigurationPlatforms) = postSolution
		{FF6B4DE4-018E-4696-81E8-8EFC6BB9B286}.Debug|Any CPU.ActiveCfg = Debug|Any CPU
		{FF6B4DE4-018E-4696-81E8-8EFC6BB9B286}.Debug|Any CPU.Build.0 = Debug|Any CPU
		{FF6B4DE4-018E-4696-81E8-8EFC6BB9B286}.Release|Any CPU.ActiveCfg = Release|Any CPU
		{FF6B4DE4-018E-4696-81E8-8EFC6BB9B286}.Release|Any CPU.Build.0 = Release|Any CPU
		{D3554748-4FDC-4F7F-8B8A-8CE7FFD231AE}.Debug|Any CPU.ActiveCfg = Debug|Any CPU
		{D3554748-4FDC-4F7F-8B8A-8CE7FFD231AE}.Debug|Any CPU.Build.0 = Debug|Any CPU
		{D3554748-4FDC-4F7F-8B8A-8CE7FFD231AE}.Release|Any CPU.ActiveCfg = Release|Any CPU
		{D3554748-4FDC-4F7F-8B8A-8CE7FFD231AE}.Release|Any CPU.Build.0 = Release|Any CPU
		{C8A90F5F-2C30-4060-B217-28DAC8731341}.Debug|Any CPU.ActiveCfg = Debug|Any CPU
		{C8A90F5F-2C30-4060-B217-28DAC8731341}.Debug|Any CPU.Build.0 = Debug|Any CPU
		{C8A90F5F-2C30-4060-B217-28DAC8731341}.Release|Any CPU.ActiveCfg = Release|Any CPU
		{C8A90F5F-2C30-4060-B217-28DAC8731341}.Release|Any CPU.Build.0 = Release|Any CPU
	EndGlobalSection
	GlobalSection(SolutionProperties) = preSolution
		HideSolutionNode = FALSE
	EndGlobalSection
	GlobalSection(ExtensibilityGlobals) = postSolution
		SolutionGuid = {EA838CE1-6C28-4132-8C4B-DAB415692D66}
	EndGlobalSection
EndGlobal
